
Microsoft Visual Studio Solution File, Format Version 12.00
# Visual Studio Version 16
VisualStudioVersion = 16.0.31105.61
MinimumVisualStudioVersion = 10.0.40219.1
Project("{9A19103F-16F7-4668-BE54-9A1E7A4F7556}") = "Hackathon", "Hackathon\Hackathon.csproj", "{05016435-FA1B-4028-B0DA-299CC38536BA}"
EndProject
Global
	GlobalSection(SolutionConfigurationPlatforms) = preSolution
		Debug|Any CPU = Debug|Any CPU
		Release|Any CPU = Release|Any CPU
	EndGlobalSection
	GlobalSection(ProjectConfigurationPlatforms) = postSolution
		{05016435-FA1B-4028-B0DA-299CC38536BA}.Debug|Any CPU.ActiveCfg = Debug|Any CPU
		{05016435-FA1B-4028-B0DA-299CC38536BA}.Debug|Any CPU.Build.0 = Debug|Any CPU
		{05016435-FA1B-4028-B0DA-299CC38536BA}.Release|Any CPU.ActiveCfg = Release|Any CPU
		{05016435-FA1B-4028-B0DA-299CC38536BA}.Release|Any CPU.Build.0 = Release|Any CPU
	EndGlobalSection
	GlobalSection(SolutionProperties) = preSolution
		HideSolutionNode = FALSE
	EndGlobalSection
	GlobalSection(ExtensibilityGlobals) = postSolution
		SolutionGuid = {0C800DDD-D7A3-4DF1-BD1E-1777345AF0B5}
	EndGlobalSection
EndGlobal
